
Microsoft Visual Studio Solution File, Format Version 12.00
# Visual Studio Version 17
VisualStudioVersion = 17.8.34511.84
MinimumVisualStudioVersion = 10.0.40219.1
Project("{FAE04EC0-301F-11D3-BF4B-00C04F79EFBC}") = "DApp.Data", "DApp.Data\DApp.Data.csproj", "{51D3F5A8-9C65-43F6-B6B5-BAAF6808210B}"
EndProject
Project("{FAE04EC0-301F-11D3-BF4B-00C04F79EFBC}") = "DApp.Web", "DApp.Web\DApp.Web.csproj", "{58F3CC7D-4F8F-417F-9195-BDF6572C6AE6}"
EndProject
Project("{FAE04EC0-301F-11D3-BF4B-00C04F79EFBC}") = "DApp.Data.Test", "DApp.Data.Test\DApp.Data.Test.csproj", "{FD1ECBAF-CEA2-4519-8C0C-E048F9721724}"
EndProject
Global
	GlobalSection(SolutionConfigurationPlatforms) = preSolution
		Debug|Any CPU = Debug|Any CPU
		Release|Any CPU = Release|Any CPU
	EndGlobalSection
	GlobalSection(ProjectConfigurationPlatforms) = postSolution
		{51D3F5A8-9C65-43F6-B6B5-BAAF6808210B}.Debug|Any CPU.ActiveCfg = Debug|Any CPU
		{51D3F5A8-9C65-43F6-B6B5-BAAF6808210B}.Debug|Any CPU.Build.0 = Debug|Any CPU
		{51D3F5A8-9C65-43F6-B6B5-BAAF6808210B}.Release|Any CPU.ActiveCfg = Release|Any CPU
		{51D3F5A8-9C65-43F6-B6B5-BAAF6808210B}.Release|Any CPU.Build.0 = Release|Any CPU
		{58F3CC7D-4F8F-417F-9195-BDF6572C6AE6}.Debug|Any CPU.ActiveCfg = Debug|Any CPU
		{58F3CC7D-4F8F-417F-9195-BDF6572C6AE6}.Debug|Any CPU.Build.0 = Debug|Any CPU
		{58F3CC7D-4F8F-417F-9195-BDF6572C6AE6}.Release|Any CPU.ActiveCfg = Release|Any CPU
		{58F3CC7D-4F8F-417F-9195-BDF6572C6AE6}.Release|Any CPU.Build.0 = Release|Any CPU
		{FD1ECBAF-CEA2-4519-8C0C-E048F9721724}.Debug|Any CPU.ActiveCfg = Debug|Any CPU
		{FD1ECBAF-CEA2-4519-8C0C-E048F9721724}.Debug|Any CPU.Build.0 = Debug|Any CPU
		{FD1ECBAF-CEA2-4519-8C0C-E048F9721724}.Release|Any CPU.ActiveCfg = Release|Any CPU
		{FD1ECBAF-CEA2-4519-8C0C-E048F9721724}.Release|Any CPU.Build.0 = Release|Any CPU
	EndGlobalSection
	GlobalSection(SolutionProperties) = preSolution
		HideSolutionNode = FALSE
	EndGlobalSection
	GlobalSection(ExtensibilityGlobals) = postSolution
		SolutionGuid = {E1977D0C-9D9E-4424-9055-3E53E5E67341}
	EndGlobalSection
EndGlobal
